
Microsoft Visual Studio Solution File, Format Version 12.00
# Visual Studio Version 16
VisualStudioVersion = 16.0.30523.141
MinimumVisualStudioVersion = 10.0.40219.1
Project("{FAE04EC0-301F-11D3-BF4B-00C04F79EFBC}") = "Övningar Listor Stack m.m", "..\Övningar Listor Stack m.m\Övningar Listor Stack m.m\Övningar Listor Stack m.m.csproj", "{2EE0D8DF-A03D-4CB5-884B-EF1315D44BD4}"
EndProject
Project("{FAE04EC0-301F-11D3-BF4B-00C04F79EFBC}") = "Övning1", "..\Övningar Listor Stack m.m\Övning1\Övning1.csproj", "{E8EDFF7F-BC97-4A30-A8A9-FB2F9464C6CF}"
EndProject
Project("{FAE04EC0-301F-11D3-BF4B-00C04F79EFBC}") = "Övning2", "..\Övningar Listor Stack m.m\Övning2\Övning2.csproj", "{F76E1823-3687-4FD1-8D59-DCFAC4D24099}"
EndProject
Project("{FAE04EC0-301F-11D3-BF4B-00C04F79EFBC}") = "Övning3", "..\Övningar Listor Stack m.m\Övning3\Övning3.csproj", "{9C0179B4-38C2-42E3-B82F-FA265AD97B08}"
EndProject
Project("{FAE04EC0-301F-11D3-BF4B-00C04F79EFBC}") = "Övning4", "..\Övningar Listor Stack m.m\Övning4\Övning4.csproj", "{E8726F7A-81EC-4C81-A20D-6F0E176BC114}"
EndProject
Global
	GlobalSection(SolutionConfigurationPlatforms) = preSolution
		Debug|Any CPU = Debug|Any CPU
		Release|Any CPU = Release|Any CPU
	EndGlobalSection
	GlobalSection(ProjectConfigurationPlatforms) = postSolution
		{2EE0D8DF-A03D-4CB5-884B-EF1315D44BD4}.Debug|Any CPU.ActiveCfg = Debug|Any CPU
		{2EE0D8DF-A03D-4CB5-884B-EF1315D44BD4}.Debug|Any CPU.Build.0 = Debug|Any CPU
		{2EE0D8DF-A03D-4CB5-884B-EF1315D44BD4}.Release|Any CPU.ActiveCfg = Release|Any CPU
		{2EE0D8DF-A03D-4CB5-884B-EF1315D44BD4}.Release|Any CPU.Build.0 = Release|Any CPU
		{E8EDFF7F-BC97-4A30-A8A9-FB2F9464C6CF}.Debug|Any CPU.ActiveCfg = Debug|Any CPU
		{E8EDFF7F-BC97-4A30-A8A9-FB2F9464C6CF}.Debug|Any CPU.Build.0 = Debug|Any CPU
		{E8EDFF7F-BC97-4A30-A8A9-FB2F9464C6CF}.Release|Any CPU.ActiveCfg = Release|Any CPU
		{E8EDFF7F-BC97-4A30-A8A9-FB2F9464C6CF}.Release|Any CPU.Build.0 = Release|Any CPU
		{F76E1823-3687-4FD1-8D59-DCFAC4D24099}.Debug|Any CPU.ActiveCfg = Debug|Any CPU
		{F76E1823-3687-4FD1-8D59-DCFAC4D24099}.Debug|Any CPU.Build.0 = Debug|Any CPU
		{F76E1823-3687-4FD1-8D59-DCFAC4D24099}.Release|Any CPU.ActiveCfg = Release|Any CPU
		{F76E1823-3687-4FD1-8D59-DCFAC4D24099}.Release|Any CPU.Build.0 = Release|Any CPU
		{9C0179B4-38C2-42E3-B82F-FA265AD97B08}.Debug|Any CPU.ActiveCfg = Debug|Any CPU
		{9C0179B4-38C2-42E3-B82F-FA265AD97B08}.Debug|Any CPU.Build.0 = Debug|Any CPU
		{9C0179B4-38C2-42E3-B82F-FA265AD97B08}.Release|Any CPU.ActiveCfg = Release|Any CPU
		{9C0179B4-38C2-42E3-B82F-FA265AD97B08}.Release|Any CPU.Build.0 = Release|Any CPU
		{E8726F7A-81EC-4C81-A20D-6F0E176BC114}.Debug|Any CPU.ActiveCfg = Debug|Any CPU
		{E8726F7A-81EC-4C81-A20D-6F0E176BC114}.Debug|Any CPU.Build.0 = Debug|Any CPU
		{E8726F7A-81EC-4C81-A20D-6F0E176BC114}.Release|Any CPU.ActiveCfg = Release|Any CPU
		{E8726F7A-81EC-4C81-A20D-6F0E176BC114}.Release|Any CPU.Build.0 = Release|Any CPU
	EndGlobalSection
	GlobalSection(SolutionProperties) = preSolution
		HideSolutionNode = FALSE
	EndGlobalSection
	GlobalSection(ExtensibilityGlobals) = postSolution
		SolutionGuid = {1A8C49EE-6697-4AEE-A7CD-5DCB3E79DED0}
	EndGlobalSection
EndGlobal
